// !$*UTF8*$!
{
	archiveVersion = 1;
	classes = {
	};
	objectVersion = 55;
	objects = {

/* Begin PBXBuildFile section */
		C55A3ABB27619F9C00AE439A /* FoodServiceRatingApp.swift in Sources */ = {isa = PBXBuildFile; fileRef = C55A3ABA27619F9C00AE439A /* FoodServiceRatingApp.swift */; };
		C55A3ABD27619F9C00AE439A /* ContentView.swift in Sources */ = {isa = PBXBuildFile; fileRef = C55A3ABC27619F9C00AE439A /* ContentView.swift */; };
		C55A3ABF27619FA000AE439A /* Assets.xcassets in Resources */ = {isa = PBXBuildFile; fileRef = C55A3ABE27619FA000AE439A /* Assets.xcassets */; };
		C55A3AC227619FA000AE439A /* Preview Assets.xcassets in Resources */ = {isa = PBXBuildFile; fileRef = C55A3AC127619FA000AE439A /* Preview Assets.xcassets */; };
		C55A3ACA2761A05000AE439A /* Lottie in Frameworks */ = {isa = PBXBuildFile; productRef = C55A3AC92761A05000AE439A /* Lottie */; };
		C55A3ACC2761A06600AE439A /* EmojiRating.json in Resources */ = {isa = PBXBuildFile; fileRef = C55A3ACB2761A06600AE439A /* EmojiRating.json */; };
		C55A3ACF2761A0BA00AE439A /* LottieAnimationView.swift in Sources */ = {isa = PBXBuildFile; fileRef = C55A3ACE2761A0BA00AE439A /* LottieAnimationView.swift */; };
/* End PBXBuildFile section */

/* Begin PBXFileReference section */
		C55A3AB727619F9C00AE439A /* FoodServiceRating.app */ = {isa = PBXFileReference; explicitFileType = wrapper.application; includeInIndex = 0; path = FoodServiceRating.app; sourceTree = BUILT_PRODUCTS_DIR; };
		C55A3ABA27619F9C00AE439A /* FoodServiceRatingApp.swift */ = {isa = PBXFileReference; lastKnownFileType = sourcecode.swift; path = FoodServiceRatingApp.swift; sourceTree = "<group>"; };
		C55A3ABC27619F9C00AE439A /* ContentView.swift */ = {isa = PBXFileReference; lastKnownFileType = sourcecode.swift; path = ContentView.swift; sourceTree = "<group>"; };
		C55A3ABE27619FA000AE439A /* Assets.xcassets */ = {isa = PBXFileReference; lastKnownFileType = folder.assetcatalog; path = Assets.xcassets; sourceTree = "<group>"; };
		C55A3AC127619FA000AE439A /* Preview Assets.xcassets */ = {isa = PBXFileReference; lastKnownFileType = folder.assetcatalog; path = "Preview Assets.xcassets"; sourceTree = "<group>"; };
		C55A3ACB2761A06600AE439A /* EmojiRating.json */ = {isa = PBXFileReference; fileEncoding = 4; lastKnownFileType = text.json; path = EmojiRating.json; sourceTree = "<group>"; };
		C55A3ACE2761A0BA00AE439A /* LottieAnimationView.swift */ = {isa = PBXFileReference; lastKnownFileType = sourcecode.swift; path = LottieAnimationView.swift; sourceTree = "<group>"; };
/* End PBXFileReference section */

/* Begin PBXFrameworksBuildPhase section */
		C55A3AB427619F9C00AE439A /* Frameworks */ = {
			isa = PBXFrameworksBuildPhase;
			buildActionMask = 2147483647;
			files = (
				C55A3ACA2761A05000AE439A /* Lottie in Frameworks */,
			);
			runOnlyForDeploymentPostprocessing = 0;
		};
/* End PBXFrameworksBuildPhase section */

/* Begin PBXGroup section */
		C55A3AAE27619F9C00AE439A = {
			isa = PBXGroup;
			children = (
				C55A3AB927619F9C00AE439A /* FoodServiceRating */,
				C55A3AB827619F9C00AE439A /* Products */,
			);
			sourceTree = "<group>";
		};
		C55A3AB827619F9C00AE439A /* Products */ = {
			isa = PBXGroup;
			children = (
				C55A3AB727619F9C00AE439A /* FoodServiceRating.app */,
			);
			name = Products;
			sourceTree = "<group>";
		};
		C55A3AB927619F9C00AE439A /* FoodServiceRating */ = {
			isa = PBXGroup;
			children = (
				C55A3ACD2761A08800AE439A /* View */,
				C55A3ACB2761A06600AE439A /* EmojiRating.json */,
				C55A3ABA27619F9C00AE439A /* FoodServiceRatingApp.swift */,
				C55A3ABC27619F9C00AE439A /* ContentView.swift */,
				C55A3ABE27619FA000AE439A /* Assets.xcassets */,
				C55A3AC027619FA000AE439A /* Preview Content */,
			);
			path = FoodServiceRating;
			sourceTree = "<group>";
		};
		C55A3AC027619FA000AE439A /* Preview Content */ = {
			isa = PBXGroup;
			children = (
				C55A3AC127619FA000AE439A /* Preview Assets.xcassets */,
			);
			path = "Preview Content";
			sourceTree = "<group>";
		};
		C55A3ACD2761A08800AE439A /* View */ = {
			isa = PBXGroup;
			children = (
				C55A3ACE2761A0BA00AE439A /* LottieAnimationView.swift */,
			);
			path = View;
			sourceTree = "<group>";
		};
/* End PBXGroup section */

/* Begin PBXNativeTarget section */
		C55A3AB627619F9C00AE439A /* FoodServiceRating */ = {
			isa = PBXNativeTarget;
			buildConfigurationList = C55A3AC527619FA000AE439A /* Build configuration list for PBXNativeTarget "FoodServiceRating" */;
			buildPhases = (
				C55A3AB327619F9C00AE439A /* Sources */,
				C55A3AB427619F9C00AE439A /* Frameworks */,
				C55A3AB527619F9C00AE439A /* Resources */,
			);
			buildRules = (
			);
			dependencies = (
			);
			name = FoodServiceRating;
			packageProductDependencies = (
				C55A3AC92761A05000AE439A /* Lottie */,
			);
			productName = FoodServiceRating;
			productReference = C55A3AB727619F9C00AE439A /* FoodServiceRating.app */;
			productType = "com.apple.product-type.application";
		};
/* End PBXNativeTarget section */

/* Begin PBXProject section */
		C55A3AAF27619F9C00AE439A /* Project object */ = {
			isa = PBXProject;
			attributes = {
				BuildIndependentTargetsInParallel = 1;
				LastSwiftUpdateCheck = 1300;
				LastUpgradeCheck = 1300;
				TargetAttributes = {
					C55A3AB627619F9C00AE439A = {
						CreatedOnToolsVersion = 13.0;
					};
				};
			};
			buildConfigurationList = C55A3AB227619F9C00AE439A /* Build configuration list for PBXProject "FoodServiceRating" */;
			compatibilityVersion = "Xcode 13.0";
			developmentRegion = en;
			hasScannedForEncodings = 0;
			knownRegions = (
				en,
				Base,
			);
			mainGroup = C55A3AAE27619F9C00AE439A;
			packageReferences = (
				C55A3AC82761A05000AE439A /* XCRemoteSwiftPackageReference "lottie-ios" */,
			);
			productRefGroup = C55A3AB827619F9C00AE439A /* Products */;
			projectDirPath = "";
			projectRoot = "";
			targets = (
				C55A3AB627619F9C00AE439A /* FoodServiceRating */,
			);
		};
/* End PBXProject section */

/* Begin PBXResourcesBuildPhase section */
		C55A3AB527619F9C00AE439A /* Resources */ = {
			isa = PBXResourcesBuildPhase;
			buildActionMask = 2147483647;
			files = (
				C55A3AC227619FA000AE439A /* Preview Assets.xcassets in Resources */,
				C55A3ABF27619FA000AE439A /* Assets.xcassets in Resources */,
				C55A3ACC2761A06600AE439A /* EmojiRating.json in Resources */,
			);
			runOnlyForDeploymentPostprocessing = 0;
		};
/* End PBXResourcesBuildPhase section */

/* Begin PBXSourcesBuildPhase section */
		C55A3AB327619F9C00AE439A /* Sources */ = {
			isa = PBXSourcesBuildPhase;
			buildActionMask = 2147483647;
			files = (
				C55A3ABD27619F9C00AE439A /* ContentView.swift in Sources */,
				C55A3ACF2761A0BA00AE439A /* LottieAnimationView.swift in Sources */,
				C55A3ABB27619F9C00AE439A /* FoodServiceRatingApp.swift in Sources */,
			);
			runOnlyForDeploymentPostprocessing = 0;
		};
/* End PBXSourcesBuildPhase section */

/* Begin XCBuildConfiguration section */
		C55A3AC327619FA000AE439A /* Debug */ = {
			isa = XCBuildConfiguration;
			buildSettings = {
				ALWAYS_SEARCH_USER_PATHS = NO;
				CLANG_ANALYZER_NONNULL = YES;
				CLANG_ANALYZER_NUMBER_OBJECT_CONVERSION = YES_AGGRESSIVE;
				CLANG_CXX_LANGUAGE_STANDARD = "gnu++17";
				CLANG_CXX_LIBRARY = "libc++";
				CLANG_ENABLE_MODULES = YES;
				CLANG_ENABLE_OBJC_ARC = YES;
				CLANG_ENABLE_OBJC_WEAK = YES;
				CLANG_WARN_BLOCK_CAPTURE_AUTORELEASING = YES;
				CLANG_WARN_BOOL_CONVERSION = YES;
				CLANG_WARN_COMMA = YES;
				CLANG_WARN_CONSTANT_CONVERSION = YES;
				CLANG_WARN_DEPRECATED_OBJC_IMPLEMENTATIONS = YES;
				CLANG_WARN_DIRECT_OBJC_ISA_USAGE = YES_ERROR;
				CLANG_WARN_DOCUMENTATION_COMMENTS = YES;
				CLANG_WARN_EMPTY_BODY = YES;
				CLANG_WARN_ENUM_CONVERSION = YES;
				CLANG_WARN_INFINITE_RECURSION = YES;
				CLANG_WARN_INT_CONVERSION = YES;
				CLANG_WARN_NON_LITERAL_NULL_CONVERSION = YES;
				CLANG_WARN_OBJC_IMPLICIT_RETAIN_SELF = YES;
				CLANG_WARN_OBJC_LITERAL_CONVERSION = YES;
				CLANG_WARN_OBJC_ROOT_CLASS = YES_ERROR;
				CLANG_WARN_QUOTED_INCLUDE_IN_FRAMEWORK_HEADER = YES;
				CLANG_WARN_RANGE_LOOP_ANALYSIS = YES;
				CLANG_WARN_STRICT_PROTOTYPES = YES;
				CLANG_WARN_SUSPICIOUS_MOVE = YES;
				CLANG_WARN_UNGUARDED_AVAILABILITY = YES_AGGRESSIVE;
				CLANG_WARN_UNREACHABLE_CODE = YES;
				CLANG_WARN__DUPLICATE_METHOD_MATCH = YES;
				COPY_PHASE_STRIP = NO;
				DEBUG_INFORMATION_FORMAT = dwarf;
				ENABLE_STRICT_OBJC_MSGSEND = YES;
				ENABLE_TESTABILITY = YES;
				GCC_C_LANGUAGE_STANDARD = gnu11;
				GCC_DYNAMIC_NO_PIC = NO;
				GCC_NO_COMMON_BLOCKS = YES;
				GCC_OPTIMIZATION_LEVEL = 0;
				GCC_PREPROCESSOR_DEFINITIONS = (
					"DEBUG=1",
					"$(inherited)",
				);
				GCC_WARN_64_TO_32_BIT_CONVERSION = YES;
				GCC_WARN_ABOUT_RETURN_TYPE = YES_ERROR;
				GCC_WARN_UNDECLARED_SELECTOR = YES;
				GCC_WARN_UNINITIALIZED_AUTOS = YES_AGGRESSIVE;
				GCC_WARN_UNUSED_FUNCTION = YES;
				GCC_WARN_UNUSED_VARIABLE = YES;
				IPHONEOS_DEPLOYMENT_TARGET = 15.0;
				MTL_ENABLE_DEBUG_INFO = INCLUDE_SOURCE;
				MTL_FAST_MATH = YES;
				ONLY_ACTIVE_ARCH = YES;
				SDKROOT = iphoneos;
				SWIFT_ACTIVE_COMPILATION_CONDITIONS = DEBUG;
				SWIFT_OPTIMIZATION_LEVEL = "-Onone";
			};
			name = Debug;
		};
		C55A3AC427619FA000AE439A /* Release */ = {
			isa = XCBuildConfiguration;
			buildSettings = {
				ALWAYS_SEARCH_USER_PATHS = NO;
				CLANG_ANALYZER_NONNULL = YES;
				CLANG_ANALYZER_NUMBER_OBJECT_CONVERSION = YES_AGGRESSIVE;
				CLANG_CXX_LANGUAGE_STANDARD = "gnu++17";
				CLANG_CXX_LIBRARY = "libc++";
				CLANG_ENABLE_MODULES = YES;
				CLANG_ENABLE_OBJC_ARC = YES;
				CLANG_ENABLE_OBJC_WEAK = YES;
				CLANG_WARN_BLOCK_CAPTURE_AUTORELEASING = YES;
				CLANG_WARN_BOOL_CONVERSION = YES;
				CLANG_WARN_COMMA = YES;
				CLANG_WARN_CONSTANT_CONVERSION = YES;
				CLANG_WARN_DEPRECATED_OBJC_IMPLEMENTATIONS = YES;
				CLANG_WARN_DIRECT_OBJC_ISA_USAGE = YES_ERROR;
				CLANG_WARN_DOCUMENTATION_COMMENTS = YES;
				CLANG_WARN_EMPTY_BODY = YES;
				CLANG_WARN_ENUM_CONVERSION = YES;
				CLANG_WARN_INFINITE_RECURSION = YES;
				CLANG_WARN_INT_CONVERSION = YES;
				CLANG_WARN_NON_LITERAL_NULL_CONVERSION = YES;
				CLANG_WARN_OBJC_IMPLICIT_RETAIN_SELF = YES;
				CLANG_WARN_OBJC_LITERAL_CONVERSION = YES;
				CLANG_WARN_OBJC_ROOT_CLASS = YES_ERROR;
				CLANG_WARN_QUOTED_INCLUDE_IN_FRAMEWORK_HEADER = YES;
				CLANG_WARN_RANGE_LOOP_ANALYSIS = YES;
				CLANG_WARN_STRICT_PROTOTYPES = YES;
				CLANG_WARN_SUSPICIOUS_MOVE = YES;
				CLANG_WARN_UNGUARDED_AVAILABILITY = YES_AGGRESSIVE;
				CLANG_WARN_UNREACHABLE_CODE = YES;
				CLANG_WARN__DUPLICATE_METHOD_MATCH = YES;
				COPY_PHASE_STRIP = NO;
				DEBUG_INFORMATION_FORMAT = "dwarf-with-dsym";
				ENABLE_NS_ASSERTIONS = NO;
				ENABLE_STRICT_OBJC_MSGSEND = YES;
				GCC_C_LANGUAGE_STANDARD = gnu11;
				GCC_NO_COMMON_BLOCKS = YES;
				GCC_WARN_64_TO_32_BIT_CONVERSION = YES;
				GCC_WARN_ABOUT_RETURN_TYPE = YES_ERROR;
				GCC_WARN_UNDECLARED_SELECTOR = YES;
				GCC_WARN_UNINITIALIZED_AUTOS = YES_AGGRESSIVE;
				GCC_WARN_UNUSED_FUNCTION = YES;
				GCC_WARN_UNUSED_VARIABLE = YES;
				IPHONEOS_DEPLOYMENT_TARGET = 15.0;
				MTL_ENABLE_DEBUG_INFO = NO;
				MTL_FAST_MATH = YES;
				SDKROOT = iphoneos;
				SWIFT_COMPILATION_MODE = wholemodule;
				SWIFT_OPTIMIZATION_LEVEL = "-O";
				VALIDATE_PRODUCT = YES;
			};
			name = Release;
		};
		C55A3AC627619FA000AE439A /* Debug */ = {
			isa = XCBuildConfiguration;
			buildSettings = {
				ASSETCATALOG_COMPILER_APPICON_NAME = AppIcon;
				ASSETCATALOG_COMPILER_GLOBAL_ACCENT_COLOR_NAME = AccentColor;
				CODE_SIGN_STYLE = Automatic;
				CURRENT_PROJECT_VERSION = 1;
				DEVELOPMENT_ASSET_PATHS = "\"FoodServiceRating/Preview Content\"";
				DEVELOPMENT_TEAM = 93HFAQDS8G;
				ENABLE_PREVIEWS = YES;
				GENERATE_INFOPLIST_FILE = YES;
				INFOPLIST_KEY_UIApplicationSceneManifest_Generation = YES;
				INFOPLIST_KEY_UIApplicationSupportsIndirectInputEvents = YES;
				INFOPLIST_KEY_UILaunchScreen_Generation = YES;
				INFOPLIST_KEY_UISupportedInterfaceOrientations_iPad = "UIInterfaceOrientationPortrait UIInterfaceOrientationPortraitUpsideDown UIInterfaceOrientationLandscapeLeft UIInterfaceOrientationLandscapeRight";
				INFOPLIST_KEY_UISupportedInterfaceOrientations_iPhone = "UIInterfaceOrientationPortrait UIInterfaceOrientationLandscapeLeft UIInterfaceOrientationLandscapeRight";
				IPHONEOS_DEPLOYMENT_TARGET = 15.0;
				LD_RUNPATH_SEARCH_PATHS = (
					"$(inherited)",
					"@executable_path/Frameworks",
				);
				MARKETING_VERSION = 1.0;
				PRODUCT_BUNDLE_IDENTIFIER = GeraldLin.FoodServiceRating;
				PRODUCT_NAME = "$(TARGET_NAME)";
				SWIFT_EMIT_LOC_STRINGS = YES;
				SWIFT_VERSION = 5.0;
				TARGETED_DEVICE_FAMILY = "1,2";
			};
			name = Debug;
		};
		C55A3AC727619FA000AE439A /* Release */ = {
			isa = XCBuildConfiguration;
			buildSettings = {
				ASSETCATALOG_COMPILER_APPICON_NAME = AppIcon;
				ASSETCATALOG_COMPILER_GLOBAL_ACCENT_COLOR_NAME = AccentColor;
				CODE_SIGN_STYLE = Automatic;
				CURRENT_PROJECT_VERSION = 1;
				DEVELOPMENT_ASSET_PATHS = "\"FoodServiceRating/Preview Content\"";
				DEVELOPMENT_TEAM = 93HFAQDS8G;
				ENABLE_PREVIEWS = YES;
				GENERATE_INFOPLIST_FILE = YES;
				INFOPLIST_KEY_UIApplicationSceneManifest_Generation = YES;
				INFOPLIST_KEY_UIApplicationSupportsIndirectInputEvents = YES;
				INFOPLIST_KEY_UILaunchScreen_Generation = YES;
				INFOPLIST_KEY_UISupportedInterfaceOrientations_iPad = "UIInterfaceOrientationPortrait UIInterfaceOrientationPortraitUpsideDown UIInterfaceOrientationLandscapeLeft UIInterfaceOrientationLandscapeRight";
				INFOPLIST_KEY_UISupportedInterfaceOrientations_iPhone = "UIInterfaceOrientationPortrait UIInterfaceOrientationLandscapeLeft UIInterfaceOrientationLandscapeRight";
				IPHONEOS_DEPLOYMENT_TARGET = 15.0;
				LD_RUNPATH_SEARCH_PATHS = (
					"$(inherited)",
					"@executable_path/Frameworks",
				);
				MARKETING_VERSION = 1.0;
				PRODUCT_BUNDLE_IDENTIFIER = GeraldLin.FoodServiceRating;
				PRODUCT_NAME = "$(TARGET_NAME)";
				SWIFT_EMIT_LOC_STRINGS = YES;
				SWIFT_VERSION = 5.0;
				TARGETED_DEVICE_FAMILY = "1,2";
			};
			name = Release;
		};
/* End XCBuildConfiguration section */

/* Begin XCConfigurationList section */
		C55A3AB227619F9C00AE439A /* Build configuration list for PBXProject "FoodServiceRating" */ = {
			isa = XCConfigurationList;
			buildConfigurations = (
				C55A3AC327619FA000AE439A /* Debug */,
				C55A3AC427619FA000AE439A /* Release */,
			);
			defaultConfigurationIsVisible = 0;
			defaultConfigurationName = Release;
		};
		C55A3AC527619FA000AE439A /* Build configuration list for PBXNativeTarget "FoodServiceRating" */ = {
			isa = XCConfigurationList;
			buildConfigurations = (
				C55A3AC627619FA000AE439A /* Debug */,
				C55A3AC727619FA000AE439A /* Release */,
			);
			defaultConfigurationIsVisible = 0;
			defaultConfigurationName = Release;
		};
/* End XCConfigurationList section */

/* Begin XCRemoteSwiftPackageReference section */
		C55A3AC82761A05000AE439A /* XCRemoteSwiftPackageReference "lottie-ios" */ = {
			isa = XCRemoteSwiftPackageReference;
			repositoryURL = "https://github.com/airbnb/lottie-ios.git";
			requirement = {
				branch = master;
				kind = branch;
			};
		};
/* End XCRemoteSwiftPackageReference section */

/* Begin XCSwiftPackageProductDependency section */
		C55A3AC92761A05000AE439A /* Lottie */ = {
			isa = XCSwiftPackageProductDependency;
			package = C55A3AC82761A05000AE439A /* XCRemoteSwiftPackageReference "lottie-ios" */;
			productName = Lottie;
		};
/* End XCSwiftPackageProductDependency section */
	};
	rootObject = C55A3AAF27619F9C00AE439A /* Project object */;
}
